
Microsoft Visual Studio Solution File, Format Version 12.00
# Visual Studio 15
VisualStudioVersion = 15.0.26730.12
MinimumVisualStudioVersion = 10.0.40219.1
Project("{FAE04EC0-301F-11D3-BF4B-00C04F79EFBC}") = "Instagram.Android", "Instagram\Instagram.Android\Instagram.Android.csproj", "{2D165C18-7F0A-42FF-AE80-C0D679372015}"
EndProject
Project("{9A19103F-16F7-4668-BE54-9A1E7A4F7556}") = "Instagram", "Instagram\Instagram\Instagram.csproj", "{87AC7BD2-A83F-42E5-AF06-0665A0AD14BF}"
EndProject
Project("{FAE04EC0-301F-11D3-BF4B-00C04F79EFBC}") = "Instagram.UWP", "Instagram\Instagram.UWP\Instagram.UWP.csproj", "{A6119A2B-8FCF-486B-8721-E53FB0607F60}"
EndProject
Project("{FAE04EC0-301F-11D3-BF4B-00C04F79EFBC}") = "Instagram.iOS", "Instagram\Instagram.iOS\Instagram.iOS.csproj", "{9E8C5385-DCA6-4096-A81D-0628860FF126}"
EndProject
Project("{FAE04EC0-301F-11D3-BF4B-00C04F79EFBC}") = "Instagram.UITests", "Instagram.UITests\Instagram.UITests.csproj", "{383EEB84-9C3E-495A-B455-92065E20E35F}"
EndProject
Project("{FAE04EC0-301F-11D3-BF4B-00C04F79EFBC}") = "Instagram.UnitTests", "Instagram.UnitTests\Instagram.UnitTests.csproj", "{077C1A50-D1E5-4639-9B3B-C483E15B5BFC}"
EndProject
Project("{FAE04EC0-301F-11D3-BF4B-00C04F79EFBC}") = "Instagram.Android.UnitTests", "Instagram.Android.UnitTests\Instagram.Android.UnitTests.csproj", "{30316A1C-0471-46E5-BE26-51932316E1C5}"
EndProject
Global
	GlobalSection(SolutionConfigurationPlatforms) = preSolution
		Ad-Hoc|Any CPU = Ad-Hoc|Any CPU
		Ad-Hoc|ARM = Ad-Hoc|ARM
		Ad-Hoc|iPhone = Ad-Hoc|iPhone
		Ad-Hoc|iPhoneSimulator = Ad-Hoc|iPhoneSimulator
		Ad-Hoc|x64 = Ad-Hoc|x64
		Ad-Hoc|x86 = Ad-Hoc|x86
		AppStore|Any CPU = AppStore|Any CPU
		AppStore|ARM = AppStore|ARM
		AppStore|iPhone = AppStore|iPhone
		AppStore|iPhoneSimulator = AppStore|iPhoneSimulator
		AppStore|x64 = AppStore|x64
		AppStore|x86 = AppStore|x86
		Debug|Any CPU = Debug|Any CPU
		Debug|ARM = Debug|ARM
		Debug|iPhone = Debug|iPhone
		Debug|iPhoneSimulator = Debug|iPhoneSimulator
		Debug|x64 = Debug|x64
		Debug|x86 = Debug|x86
		Release|Any CPU = Release|Any CPU
		Release|ARM = Release|ARM
		Release|iPhone = Release|iPhone
		Release|iPhoneSimulator = Release|iPhoneSimulator
		Release|x64 = Release|x64
		Release|x86 = Release|x86
	EndGlobalSection
	GlobalSection(ProjectConfigurationPlatforms) = postSolution
		{2D165C18-7F0A-42FF-AE80-C0D679372015}.Ad-Hoc|Any CPU.ActiveCfg = Release|Any CPU
		{2D165C18-7F0A-42FF-AE80-C0D679372015}.Ad-Hoc|Any CPU.Build.0 = Release|Any CPU
		{2D165C18-7F0A-42FF-AE80-C0D679372015}.Ad-Hoc|Any CPU.Deploy.0 = Release|Any CPU
		{2D165C18-7F0A-42FF-AE80-C0D679372015}.Ad-Hoc|ARM.ActiveCfg = Release|Any CPU
		{2D165C18-7F0A-42FF-AE80-C0D679372015}.Ad-Hoc|ARM.Build.0 = Release|Any CPU
		{2D165C18-7F0A-42FF-AE80-C0D679372015}.Ad-Hoc|ARM.Deploy.0 = Release|Any CPU
		{2D165C18-7F0A-42FF-AE80-C0D679372015}.Ad-Hoc|iPhone.ActiveCfg = Release|Any CPU
		{2D165C18-7F0A-42FF-AE80-C0D679372015}.Ad-Hoc|iPhone.Build.0 = Release|Any CPU
		{2D165C18-7F0A-42FF-AE80-C0D679372015}.Ad-Hoc|iPhone.Deploy.0 = Release|Any CPU
		{2D165C18-7F0A-42FF-AE80-C0D679372015}.Ad-Hoc|iPhoneSimulator.ActiveCfg = Release|Any CPU
		{2D165C18-7F0A-42FF-AE80-C0D679372015}.Ad-Hoc|iPhoneSimulator.Build.0 = Release|Any CPU
		{2D165C18-7F0A-42FF-AE80-C0D679372015}.Ad-Hoc|iPhoneSimulator.Deploy.0 = Release|Any CPU
		{2D165C18-7F0A-42FF-AE80-C0D679372015}.Ad-Hoc|x64.ActiveCfg = Release|Any CPU
		{2D165C18-7F0A-42FF-AE80-C0D679372015}.Ad-Hoc|x64.Build.0 = Release|Any CPU
		{2D165C18-7F0A-42FF-AE80-C0D679372015}.Ad-Hoc|x64.Deploy.0 = Release|Any CPU
		{2D165C18-7F0A-42FF-AE80-C0D679372015}.Ad-Hoc|x86.ActiveCfg = Release|Any CPU
		{2D165C18-7F0A-42FF-AE80-C0D679372015}.Ad-Hoc|x86.Build.0 = Release|Any CPU
		{2D165C18-7F0A-42FF-AE80-C0D679372015}.Ad-Hoc|x86.Deploy.0 = Release|Any CPU
		{2D165C18-7F0A-42FF-AE80-C0D679372015}.AppStore|Any CPU.ActiveCfg = Release|Any CPU
		{2D165C18-7F0A-42FF-AE80-C0D679372015}.AppStore|Any CPU.Build.0 = Release|Any CPU
		{2D165C18-7F0A-42FF-AE80-C0D679372015}.AppStore|Any CPU.Deploy.0 = Release|Any CPU
		{2D165C18-7F0A-42FF-AE80-C0D679372015}.AppStore|ARM.ActiveCfg = Release|Any CPU
		{2D165C18-7F0A-42FF-AE80-C0D679372015}.AppStore|ARM.Build.0 = Release|Any CPU
		{2D165C18-7F0A-42FF-AE80-C0D679372015}.AppStore|ARM.Deploy.0 = Release|Any CPU
		{2D165C18-7F0A-42FF-AE80-C0D679372015}.AppStore|iPhone.ActiveCfg = Release|Any CPU
		{2D165C18-7F0A-42FF-AE80-C0D679372015}.AppStore|iPhone.Build.0 = Release|Any CPU
		{2D165C18-7F0A-42FF-AE80-C0D679372015}.AppStore|iPhone.Deploy.0 = Release|Any CPU
		{2D165C18-7F0A-42FF-AE80-C0D679372015}.AppStore|iPhoneSimulator.ActiveCfg = Release|Any CPU
		{2D165C18-7F0A-42FF-AE80-C0D679372015}.AppStore|iPhoneSimulator.Build.0 = Release|Any CPU
		{2D165C18-7F0A-42FF-AE80-C0D679372015}.AppStore|iPhoneSimulator.Deploy.0 = Release|Any CPU
		{2D165C18-7F0A-42FF-AE80-C0D679372015}.AppStore|x64.ActiveCfg = Release|Any CPU
		{2D165C18-7F0A-42FF-AE80-C0D679372015}.AppStore|x64.Build.0 = Release|Any CPU
		{2D165C18-7F0A-42FF-AE80-C0D679372015}.AppStore|x64.Deploy.0 = Release|Any CPU
		{2D165C18-7F0A-42FF-AE80-C0D679372015}.AppStore|x86.ActiveCfg = Release|Any CPU
		{2D165C18-7F0A-42FF-AE80-C0D679372015}.AppStore|x86.Build.0 = Release|Any CPU
		{2D165C18-7F0A-42FF-AE80-C0D679372015}.AppStore|x86.Deploy.0 = Release|Any CPU
		{2D165C18-7F0A-42FF-AE80-C0D679372015}.Debug|Any CPU.ActiveCfg = Debug|Any CPU
		{2D165C18-7F0A-42FF-AE80-C0D679372015}.Debug|Any CPU.Build.0 = Debug|Any CPU
		{2D165C18-7F0A-42FF-AE80-C0D679372015}.Debug|Any CPU.Deploy.0 = Debug|Any CPU
		{2D165C18-7F0A-42FF-AE80-C0D679372015}.Debug|ARM.ActiveCfg = Debug|Any CPU
		{2D165C18-7F0A-42FF-AE80-C0D679372015}.Debug|ARM.Build.0 = Debug|Any CPU
		{2D165C18-7F0A-42FF-AE80-C0D679372015}.Debug|ARM.Deploy.0 = Debug|Any CPU
		{2D165C18-7F0A-42FF-AE80-C0D679372015}.Debug|iPhone.ActiveCfg = Debug|Any CPU
		{2D165C18-7F0A-42FF-AE80-C0D679372015}.Debug|iPhone.Build.0 = Debug|Any CPU
		{2D165C18-7F0A-42FF-AE80-C0D679372015}.Debug|iPhone.Deploy.0 = Debug|Any CPU
		{2D165C18-7F0A-42FF-AE80-C0D679372015}.Debug|iPhoneSimulator.ActiveCfg = Debug|Any CPU
		{2D165C18-7F0A-42FF-AE80-C0D679372015}.Debug|iPhoneSimulator.Build.0 = Debug|Any CPU
		{2D165C18-7F0A-42FF-AE80-C0D679372015}.Debug|iPhoneSimulator.Deploy.0 = Debug|Any CPU
		{2D165C18-7F0A-42FF-AE80-C0D679372015}.Debug|x64.ActiveCfg = Debug|Any CPU
		{2D165C18-7F0A-42FF-AE80-C0D679372015}.Debug|x64.Build.0 = Debug|Any CPU
		{2D165C18-7F0A-42FF-AE80-C0D679372015}.Debug|x64.Deploy.0 = Debug|Any CPU
		{2D165C18-7F0A-42FF-AE80-C0D679372015}.Debug|x86.ActiveCfg = Debug|Any CPU
		{2D165C18-7F0A-42FF-AE80-C0D679372015}.Debug|x86.Build.0 = Debug|Any CPU
		{2D165C18-7F0A-42FF-AE80-C0D679372015}.Debug|x86.Deploy.0 = Debug|Any CPU
		{2D165C18-7F0A-42FF-AE80-C0D679372015}.Release|Any CPU.ActiveCfg = Release|Any CPU
		{2D165C18-7F0A-42FF-AE80-C0D679372015}.Release|Any CPU.Build.0 = Release|Any CPU
		{2D165C18-7F0A-42FF-AE80-C0D679372015}.Release|Any CPU.Deploy.0 = Release|Any CPU
		{2D165C18-7F0A-42FF-AE80-C0D679372015}.Release|ARM.ActiveCfg = Release|Any CPU
		{2D165C18-7F0A-42FF-AE80-C0D679372015}.Release|ARM.Build.0 = Release|Any CPU
		{2D165C18-7F0A-42FF-AE80-C0D679372015}.Release|ARM.Deploy.0 = Release|Any CPU
		{2D165C18-7F0A-42FF-AE80-C0D679372015}.Release|iPhone.ActiveCfg = Release|Any CPU
		{2D165C18-7F0A-42FF-AE80-C0D679372015}.Release|iPhone.Build.0 = Release|Any CPU
		{2D165C18-7F0A-42FF-AE80-C0D679372015}.Release|iPhone.Deploy.0 = Release|Any CPU
		{2D165C18-7F0A-42FF-AE80-C0D679372015}.Release|iPhoneSimulator.ActiveCfg = Release|Any CPU
		{2D165C18-7F0A-42FF-AE80-C0D679372015}.Release|iPhoneSimulator.Build.0 = Release|Any CPU
		{2D165C18-7F0A-42FF-AE80-C0D679372015}.Release|iPhoneSimulator.Deploy.0 = Release|Any CPU
		{2D165C18-7F0A-42FF-AE80-C0D679372015}.Release|x64.ActiveCfg = Release|Any CPU
		{2D165C18-7F0A-42FF-AE80-C0D679372015}.Release|x64.Build.0 = Release|Any CPU
		{2D165C18-7F0A-42FF-AE80-C0D679372015}.Release|x64.Deploy.0 = Release|Any CPU
		{2D165C18-7F0A-42FF-AE80-C0D679372015}.Release|x86.ActiveCfg = Release|Any CPU
		{2D165C18-7F0A-42FF-AE80-C0D679372015}.Release|x86.Build.0 = Release|Any CPU
		{2D165C18-7F0A-42FF-AE80-C0D679372015}.Release|x86.Deploy.0 = Release|Any CPU
		{87AC7BD2-A83F-42E5-AF06-0665A0AD14BF}.Ad-Hoc|Any CPU.ActiveCfg = Release|Any CPU
		{87AC7BD2-A83F-42E5-AF06-0665A0AD14BF}.Ad-Hoc|Any CPU.Build.0 = Release|Any CPU
		{87AC7BD2-A83F-42E5-AF06-0665A0AD14BF}.Ad-Hoc|ARM.ActiveCfg = Release|Any CPU
		{87AC7BD2-A83F-42E5-AF06-0665A0AD14BF}.Ad-Hoc|ARM.Build.0 = Release|Any CPU
		{87AC7BD2-A83F-42E5-AF06-0665A0AD14BF}.Ad-Hoc|iPhone.ActiveCfg = Release|Any CPU
		{87AC7BD2-A83F-42E5-AF06-0665A0AD14BF}.Ad-Hoc|iPhone.Build.0 = Release|Any CPU
		{87AC7BD2-A83F-42E5-AF06-0665A0AD14BF}.Ad-Hoc|iPhoneSimulator.ActiveCfg = Release|Any CPU
		{87AC7BD2-A83F-42E5-AF06-0665A0AD14BF}.Ad-Hoc|iPhoneSimulator.Build.0 = Release|Any CPU
		{87AC7BD2-A83F-42E5-AF06-0665A0AD14BF}.Ad-Hoc|x64.ActiveCfg = Release|Any CPU
		{87AC7BD2-A83F-42E5-AF06-0665A0AD14BF}.Ad-Hoc|x64.Build.0 = Release|Any CPU
		{87AC7BD2-A83F-42E5-AF06-0665A0AD14BF}.Ad-Hoc|x86.ActiveCfg = Release|Any CPU
		{87AC7BD2-A83F-42E5-AF06-0665A0AD14BF}.Ad-Hoc|x86.Build.0 = Release|Any CPU
		{87AC7BD2-A83F-42E5-AF06-0665A0AD14BF}.AppStore|Any CPU.ActiveCfg = Release|Any CPU
		{87AC7BD2-A83F-42E5-AF06-0665A0AD14BF}.AppStore|Any CPU.Build.0 = Release|Any CPU
		{87AC7BD2-A83F-42E5-AF06-0665A0AD14BF}.AppStore|ARM.ActiveCfg = Release|Any CPU
		{87AC7BD2-A83F-42E5-AF06-0665A0AD14BF}.AppStore|ARM.Build.0 = Release|Any CPU
		{87AC7BD2-A83F-42E5-AF06-0665A0AD14BF}.AppStore|iPhone.ActiveCfg = Release|Any CPU
		{87AC7BD2-A83F-42E5-AF06-0665A0AD14BF}.AppStore|iPhone.Build.0 = Release|Any CPU
		{87AC7BD2-A83F-42E5-AF06-0665A0AD14BF}.AppStore|iPhoneSimulator.ActiveCfg = Release|Any CPU
		{87AC7BD2-A83F-42E5-AF06-0665A0AD14BF}.AppStore|iPhoneSimulator.Build.0 = Release|Any CPU
		{87AC7BD2-A83F-42E5-AF06-0665A0AD14BF}.AppStore|x64.ActiveCfg = Release|Any CPU
		{87AC7BD2-A83F-42E5-AF06-0665A0AD14BF}.AppStore|x64.Build.0 = Release|Any CPU
		{87AC7BD2-A83F-42E5-AF06-0665A0AD14BF}.AppStore|x86.ActiveCfg = Release|Any CPU
		{87AC7BD2-A83F-42E5-AF06-0665A0AD14BF}.AppStore|x86.Build.0 = Release|Any CPU
		{87AC7BD2-A83F-42E5-AF06-0665A0AD14BF}.Debug|Any CPU.ActiveCfg = Debug|Any CPU
		{87AC7BD2-A83F-42E5-AF06-0665A0AD14BF}.Debug|Any CPU.Build.0 = Debug|Any CPU
		{87AC7BD2-A83F-42E5-AF06-0665A0AD14BF}.Debug|ARM.ActiveCfg = Debug|Any CPU
		{87AC7BD2-A83F-42E5-AF06-0665A0AD14BF}.Debug|ARM.Build.0 = Debug|Any CPU
		{87AC7BD2-A83F-42E5-AF06-0665A0AD14BF}.Debug|iPhone.ActiveCfg = Debug|Any CPU
		{87AC7BD2-A83F-42E5-AF06-0665A0AD14BF}.Debug|iPhone.Build.0 = Debug|Any CPU
		{87AC7BD2-A83F-42E5-AF06-0665A0AD14BF}.Debug|iPhoneSimulator.ActiveCfg = Debug|Any CPU
		{87AC7BD2-A83F-42E5-AF06-0665A0AD14BF}.Debug|iPhoneSimulator.Build.0 = Debug|Any CPU
		{87AC7BD2-A83F-42E5-AF06-0665A0AD14BF}.Debug|x64.ActiveCfg = Debug|Any CPU
		{87AC7BD2-A83F-42E5-AF06-0665A0AD14BF}.Debug|x64.Build.0 = Debug|Any CPU
		{87AC7BD2-A83F-42E5-AF06-0665A0AD14BF}.Debug|x86.ActiveCfg = Debug|Any CPU
		{87AC7BD2-A83F-42E5-AF06-0665A0AD14BF}.Debug|x86.Build.0 = Debug|Any CPU
		{87AC7BD2-A83F-42E5-AF06-0665A0AD14BF}.Release|Any CPU.ActiveCfg = Release|Any CPU
		{87AC7BD2-A83F-42E5-AF06-0665A0AD14BF}.Release|Any CPU.Build.0 = Release|Any CPU
		{87AC7BD2-A83F-42E5-AF06-0665A0AD14BF}.Release|ARM.ActiveCfg = Release|Any CPU
		{87AC7BD2-A83F-42E5-AF06-0665A0AD14BF}.Release|ARM.Build.0 = Release|Any CPU
		{87AC7BD2-A83F-42E5-AF06-0665A0AD14BF}.Release|iPhone.ActiveCfg = Release|Any CPU
		{87AC7BD2-A83F-42E5-AF06-0665A0AD14BF}.Release|iPhone.Build.0 = Release|Any CPU
		{87AC7BD2-A83F-42E5-AF06-0665A0AD14BF}.Release|iPhoneSimulator.ActiveCfg = Release|Any CPU
		{87AC7BD2-A83F-42E5-AF06-0665A0AD14BF}.Release|iPhoneSimulator.Build.0 = Release|Any CPU
		{87AC7BD2-A83F-42E5-AF06-0665A0AD14BF}.Release|x64.ActiveCfg = Release|Any CPU
		{87AC7BD2-A83F-42E5-AF06-0665A0AD14BF}.Release|x64.Build.0 = Release|Any CPU
		{87AC7BD2-A83F-42E5-AF06-0665A0AD14BF}.Release|x86.ActiveCfg = Release|Any CPU
		{87AC7BD2-A83F-42E5-AF06-0665A0AD14BF}.Release|x86.Build.0 = Release|Any CPU
		{A6119A2B-8FCF-486B-8721-E53FB0607F60}.Ad-Hoc|Any CPU.ActiveCfg = Release|x86
		{A6119A2B-8FCF-486B-8721-E53FB0607F60}.Ad-Hoc|Any CPU.Build.0 = Release|x86
		{A6119A2B-8FCF-486B-8721-E53FB0607F60}.Ad-Hoc|Any CPU.Deploy.0 = Release|x86
		{A6119A2B-8FCF-486B-8721-E53FB0607F60}.Ad-Hoc|ARM.ActiveCfg = Release|ARM
		{A6119A2B-8FCF-486B-8721-E53FB0607F60}.Ad-Hoc|ARM.Build.0 = Release|ARM
		{A6119A2B-8FCF-486B-8721-E53FB0607F60}.Ad-Hoc|ARM.Deploy.0 = Release|ARM
		{A6119A2B-8FCF-486B-8721-E53FB0607F60}.Ad-Hoc|iPhone.ActiveCfg = Release|x86
		{A6119A2B-8FCF-486B-8721-E53FB0607F60}.Ad-Hoc|iPhone.Build.0 = Release|x86
		{A6119A2B-8FCF-486B-8721-E53FB0607F60}.Ad-Hoc|iPhone.Deploy.0 = Release|x86
		{A6119A2B-8FCF-486B-8721-E53FB0607F60}.Ad-Hoc|iPhoneSimulator.ActiveCfg = Release|x86
		{A6119A2B-8FCF-486B-8721-E53FB0607F60}.Ad-Hoc|iPhoneSimulator.Build.0 = Release|x86
		{A6119A2B-8FCF-486B-8721-E53FB0607F60}.Ad-Hoc|iPhoneSimulator.Deploy.0 = Release|x86
		{A6119A2B-8FCF-486B-8721-E53FB0607F60}.Ad-Hoc|x64.ActiveCfg = Release|x64
		{A6119A2B-8FCF-486B-8721-E53FB0607F60}.Ad-Hoc|x64.Build.0 = Release|x64
		{A6119A2B-8FCF-486B-8721-E53FB0607F60}.Ad-Hoc|x64.Deploy.0 = Release|x64
		{A6119A2B-8FCF-486B-8721-E53FB0607F60}.Ad-Hoc|x86.ActiveCfg = Release|x86
		{A6119A2B-8FCF-486B-8721-E53FB0607F60}.Ad-Hoc|x86.Build.0 = Release|x86
		{A6119A2B-8FCF-486B-8721-E53FB0607F60}.Ad-Hoc|x86.Deploy.0 = Release|x86
		{A6119A2B-8FCF-486B-8721-E53FB0607F60}.AppStore|Any CPU.ActiveCfg = Release|x86
		{A6119A2B-8FCF-486B-8721-E53FB0607F60}.AppStore|Any CPU.Build.0 = Release|x86
		{A6119A2B-8FCF-486B-8721-E53FB0607F60}.AppStore|Any CPU.Deploy.0 = Release|x86
		{A6119A2B-8FCF-486B-8721-E53FB0607F60}.AppStore|ARM.ActiveCfg = Release|ARM
		{A6119A2B-8FCF-486B-8721-E53FB0607F60}.AppStore|ARM.Build.0 = Release|ARM
		{A6119A2B-8FCF-486B-8721-E53FB0607F60}.AppStore|ARM.Deploy.0 = Release|ARM
		{A6119A2B-8FCF-486B-8721-E53FB0607F60}.AppStore|iPhone.ActiveCfg = Release|x86
		{A6119A2B-8FCF-486B-8721-E53FB0607F60}.AppStore|iPhone.Build.0 = Release|x86
		{A6119A2B-8FCF-486B-8721-E53FB0607F60}.AppStore|iPhone.Deploy.0 = Release|x86
		{A6119A2B-8FCF-486B-8721-E53FB0607F60}.AppStore|iPhoneSimulator.ActiveCfg = Release|x86
		{A6119A2B-8FCF-486B-8721-E53FB0607F60}.AppStore|iPhoneSimulator.Build.0 = Release|x86
		{A6119A2B-8FCF-486B-8721-E53FB0607F60}.AppStore|iPhoneSimulator.Deploy.0 = Release|x86
		{A6119A2B-8FCF-486B-8721-E53FB0607F60}.AppStore|x64.ActiveCfg = Release|x64
		{A6119A2B-8FCF-486B-8721-E53FB0607F60}.AppStore|x64.Build.0 = Release|x64
		{A6119A2B-8FCF-486B-8721-E53FB0607F60}.AppStore|x64.Deploy.0 = Release|x64
		{A6119A2B-8FCF-486B-8721-E53FB0607F60}.AppStore|x86.ActiveCfg = Release|x86
		{A6119A2B-8FCF-486B-8721-E53FB0607F60}.AppStore|x86.Build.0 = Release|x86
		{A6119A2B-8FCF-486B-8721-E53FB0607F60}.AppStore|x86.Deploy.0 = Release|x86
		{A6119A2B-8FCF-486B-8721-E53FB0607F60}.Debug|Any CPU.ActiveCfg = Debug|x86
		{A6119A2B-8FCF-486B-8721-E53FB0607F60}.Debug|Any CPU.Build.0 = Debug|x86
		{A6119A2B-8FCF-486B-8721-E53FB0607F60}.Debug|Any CPU.Deploy.0 = Debug|x86
		{A6119A2B-8FCF-486B-8721-E53FB0607F60}.Debug|ARM.ActiveCfg = Debug|ARM
		{A6119A2B-8FCF-486B-8721-E53FB0607F60}.Debug|ARM.Build.0 = Debug|ARM
		{A6119A2B-8FCF-486B-8721-E53FB0607F60}.Debug|ARM.Deploy.0 = Debug|ARM
		{A6119A2B-8FCF-486B-8721-E53FB0607F60}.Debug|iPhone.ActiveCfg = Debug|x86
		{A6119A2B-8FCF-486B-8721-E53FB0607F60}.Debug|iPhoneSimulator.ActiveCfg = Debug|x86
		{A6119A2B-8FCF-486B-8721-E53FB0607F60}.Debug|x64.ActiveCfg = Debug|x64
		{A6119A2B-8FCF-486B-8721-E53FB0607F60}.Debug|x64.Build.0 = Debug|x64
		{A6119A2B-8FCF-486B-8721-E53FB0607F60}.Debug|x64.Deploy.0 = Debug|x64
		{A6119A2B-8FCF-486B-8721-E53FB0607F60}.Debug|x86.ActiveCfg = Debug|x86
		{A6119A2B-8FCF-486B-8721-E53FB0607F60}.Debug|x86.Build.0 = Debug|x86
		{A6119A2B-8FCF-486B-8721-E53FB0607F60}.Debug|x86.Deploy.0 = Debug|x86
		{A6119A2B-8FCF-486B-8721-E53FB0607F60}.Release|Any CPU.ActiveCfg = Release|x86
		{A6119A2B-8FCF-486B-8721-E53FB0607F60}.Release|ARM.ActiveCfg = Release|ARM
		{A6119A2B-8FCF-486B-8721-E53FB0607F60}.Release|ARM.Build.0 = Release|ARM
		{A6119A2B-8FCF-486B-8721-E53FB0607F60}.Release|ARM.Deploy.0 = Release|ARM
		{A6119A2B-8FCF-486B-8721-E53FB0607F60}.Release|iPhone.ActiveCfg = Release|x86
		{A6119A2B-8FCF-486B-8721-E53FB0607F60}.Release|iPhoneSimulator.ActiveCfg = Release|x86
		{A6119A2B-8FCF-486B-8721-E53FB0607F60}.Release|x64.ActiveCfg = Release|x64
		{A6119A2B-8FCF-486B-8721-E53FB0607F60}.Release|x64.Build.0 = Release|x64
		{A6119A2B-8FCF-486B-8721-E53FB0607F60}.Release|x64.Deploy.0 = Release|x64
		{A6119A2B-8FCF-486B-8721-E53FB0607F60}.Release|x86.ActiveCfg = Release|x86
		{A6119A2B-8FCF-486B-8721-E53FB0607F60}.Release|x86.Build.0 = Release|x86
		{A6119A2B-8FCF-486B-8721-E53FB0607F60}.Release|x86.Deploy.0 = Release|x86
		{9E8C5385-DCA6-4096-A81D-0628860FF126}.Ad-Hoc|Any CPU.ActiveCfg = Ad-Hoc|iPhone
		{9E8C5385-DCA6-4096-A81D-0628860FF126}.Ad-Hoc|ARM.ActiveCfg = Ad-Hoc|iPhone
		{9E8C5385-DCA6-4096-A81D-0628860FF126}.Ad-Hoc|iPhone.ActiveCfg = Ad-Hoc|iPhone
		{9E8C5385-DCA6-4096-A81D-0628860FF126}.Ad-Hoc|iPhone.Build.0 = Ad-Hoc|iPhone
		{9E8C5385-DCA6-4096-A81D-0628860FF126}.Ad-Hoc|iPhoneSimulator.ActiveCfg = Ad-Hoc|iPhoneSimulator
		{9E8C5385-DCA6-4096-A81D-0628860FF126}.Ad-Hoc|iPhoneSimulator.Build.0 = Ad-Hoc|iPhoneSimulator
		{9E8C5385-DCA6-4096-A81D-0628860FF126}.Ad-Hoc|x64.ActiveCfg = Ad-Hoc|iPhone
		{9E8C5385-DCA6-4096-A81D-0628860FF126}.Ad-Hoc|x86.ActiveCfg = Ad-Hoc|iPhone
		{9E8C5385-DCA6-4096-A81D-0628860FF126}.AppStore|Any CPU.ActiveCfg = AppStore|iPhone
		{9E8C5385-DCA6-4096-A81D-0628860FF126}.AppStore|ARM.ActiveCfg = AppStore|iPhone
		{9E8C5385-DCA6-4096-A81D-0628860FF126}.AppStore|iPhone.ActiveCfg = AppStore|iPhone
		{9E8C5385-DCA6-4096-A81D-0628860FF126}.AppStore|iPhone.Build.0 = AppStore|iPhone
		{9E8C5385-DCA6-4096-A81D-0628860FF126}.AppStore|iPhoneSimulator.ActiveCfg = AppStore|iPhoneSimulator
		{9E8C5385-DCA6-4096-A81D-0628860FF126}.AppStore|iPhoneSimulator.Build.0 = AppStore|iPhoneSimulator
		{9E8C5385-DCA6-4096-A81D-0628860FF126}.AppStore|x64.ActiveCfg = AppStore|iPhone
		{9E8C5385-DCA6-4096-A81D-0628860FF126}.AppStore|x86.ActiveCfg = AppStore|iPhone
		{9E8C5385-DCA6-4096-A81D-0628860FF126}.Debug|Any CPU.ActiveCfg = Debug|iPhone
		{9E8C5385-DCA6-4096-A81D-0628860FF126}.Debug|ARM.ActiveCfg = Debug|iPhone
		{9E8C5385-DCA6-4096-A81D-0628860FF126}.Debug|iPhone.ActiveCfg = Debug|iPhone
		{9E8C5385-DCA6-4096-A81D-0628860FF126}.Debug|iPhone.Build.0 = Debug|iPhone
		{9E8C5385-DCA6-4096-A81D-0628860FF126}.Debug|iPhoneSimulator.ActiveCfg = Debug|iPhoneSimulator
		{9E8C5385-DCA6-4096-A81D-0628860FF126}.Debug|iPhoneSimulator.Build.0 = Debug|iPhoneSimulator
		{9E8C5385-DCA6-4096-A81D-0628860FF126}.Debug|x64.ActiveCfg = Debug|iPhone
		{9E8C5385-DCA6-4096-A81D-0628860FF126}.Debug|x86.ActiveCfg = Debug|iPhone
		{9E8C5385-DCA6-4096-A81D-0628860FF126}.Release|Any CPU.ActiveCfg = Release|iPhone
		{9E8C5385-DCA6-4096-A81D-0628860FF126}.Release|ARM.ActiveCfg = Release|iPhone
		{9E8C5385-DCA6-4096-A81D-0628860FF126}.Release|iPhone.ActiveCfg = Release|iPhone
		{9E8C5385-DCA6-4096-A81D-0628860FF126}.Release|iPhone.Build.0 = Release|iPhone
		{9E8C5385-DCA6-4096-A81D-0628860FF126}.Release|iPhoneSimulator.ActiveCfg = Release|iPhoneSimulator
		{9E8C5385-DCA6-4096-A81D-0628860FF126}.Release|iPhoneSimulator.Build.0 = Release|iPhoneSimulator
		{9E8C5385-DCA6-4096-A81D-0628860FF126}.Release|x64.ActiveCfg = Release|iPhone
		{9E8C5385-DCA6-4096-A81D-0628860FF126}.Release|x86.ActiveCfg = Release|iPhone
		{383EEB84-9C3E-495A-B455-92065E20E35F}.Ad-Hoc|Any CPU.ActiveCfg = Release|Any CPU
		{383EEB84-9C3E-495A-B455-92065E20E35F}.Ad-Hoc|Any CPU.Build.0 = Release|Any CPU
		{383EEB84-9C3E-495A-B455-92065E20E35F}.Ad-Hoc|ARM.ActiveCfg = Release|Any CPU
		{383EEB84-9C3E-495A-B455-92065E20E35F}.Ad-Hoc|ARM.Build.0 = Release|Any CPU
		{383EEB84-9C3E-495A-B455-92065E20E35F}.Ad-Hoc|iPhone.ActiveCfg = Release|Any CPU
		{383EEB84-9C3E-495A-B455-92065E20E35F}.Ad-Hoc|iPhone.Build.0 = Release|Any CPU
		{383EEB84-9C3E-495A-B455-92065E20E35F}.Ad-Hoc|iPhoneSimulator.ActiveCfg = Release|Any CPU
		{383EEB84-9C3E-495A-B455-92065E20E35F}.Ad-Hoc|iPhoneSimulator.Build.0 = Release|Any CPU
		{383EEB84-9C3E-495A-B455-92065E20E35F}.Ad-Hoc|x64.ActiveCfg = Release|Any CPU
		{383EEB84-9C3E-495A-B455-92065E20E35F}.Ad-Hoc|x64.Build.0 = Release|Any CPU
		{383EEB84-9C3E-495A-B455-92065E20E35F}.Ad-Hoc|x86.ActiveCfg = Release|Any CPU
		{383EEB84-9C3E-495A-B455-92065E20E35F}.Ad-Hoc|x86.Build.0 = Release|Any CPU
		{383EEB84-9C3E-495A-B455-92065E20E35F}.AppStore|Any CPU.ActiveCfg = Release|Any CPU
		{383EEB84-9C3E-495A-B455-92065E20E35F}.AppStore|Any CPU.Build.0 = Release|Any CPU
		{383EEB84-9C3E-495A-B455-92065E20E35F}.AppStore|ARM.ActiveCfg = Release|Any CPU
		{383EEB84-9C3E-495A-B455-92065E20E35F}.AppStore|ARM.Build.0 = Release|Any CPU
		{383EEB84-9C3E-495A-B455-92065E20E35F}.AppStore|iPhone.ActiveCfg = Release|Any CPU
		{383EEB84-9C3E-495A-B455-92065E20E35F}.AppStore|iPhone.Build.0 = Release|Any CPU
		{383EEB84-9C3E-495A-B455-92065E20E35F}.AppStore|iPhoneSimulator.ActiveCfg = Release|Any CPU
		{383EEB84-9C3E-495A-B455-92065E20E35F}.AppStore|iPhoneSimulator.Build.0 = Release|Any CPU
		{383EEB84-9C3E-495A-B455-92065E20E35F}.AppStore|x64.ActiveCfg = Release|Any CPU
		{383EEB84-9C3E-495A-B455-92065E20E35F}.AppStore|x64.Build.0 = Release|Any CPU
		{383EEB84-9C3E-495A-B455-92065E20E35F}.AppStore|x86.ActiveCfg = Release|Any CPU
		{383EEB84-9C3E-495A-B455-92065E20E35F}.AppStore|x86.Build.0 = Release|Any CPU
		{383EEB84-9C3E-495A-B455-92065E20E35F}.Debug|Any CPU.ActiveCfg = Debug|Any CPU
		{383EEB84-9C3E-495A-B455-92065E20E35F}.Debug|Any CPU.Build.0 = Debug|Any CPU
		{383EEB84-9C3E-495A-B455-92065E20E35F}.Debug|ARM.ActiveCfg = Debug|Any CPU
		{383EEB84-9C3E-495A-B455-92065E20E35F}.Debug|ARM.Build.0 = Debug|Any CPU
		{383EEB84-9C3E-495A-B455-92065E20E35F}.Debug|iPhone.ActiveCfg = Debug|Any CPU
		{383EEB84-9C3E-495A-B455-92065E20E35F}.Debug|iPhone.Build.0 = Debug|Any CPU
		{383EEB84-9C3E-495A-B455-92065E20E35F}.Debug|iPhoneSimulator.ActiveCfg = Debug|Any CPU
		{383EEB84-9C3E-495A-B455-92065E20E35F}.Debug|iPhoneSimulator.Build.0 = Debug|Any CPU
		{383EEB84-9C3E-495A-B455-92065E20E35F}.Debug|x64.ActiveCfg = Debug|Any CPU
		{383EEB84-9C3E-495A-B455-92065E20E35F}.Debug|x64.Build.0 = Debug|Any CPU
		{383EEB84-9C3E-495A-B455-92065E20E35F}.Debug|x86.ActiveCfg = Debug|Any CPU
		{383EEB84-9C3E-495A-B455-92065E20E35F}.Debug|x86.Build.0 = Debug|Any CPU
		{383EEB84-9C3E-495A-B455-92065E20E35F}.Release|Any CPU.ActiveCfg = Release|Any CPU
		{383EEB84-9C3E-495A-B455-92065E20E35F}.Release|Any CPU.Build.0 = Release|Any CPU
		{383EEB84-9C3E-495A-B455-92065E20E35F}.Release|ARM.ActiveCfg = Release|Any CPU
		{383EEB84-9C3E-495A-B455-92065E20E35F}.Release|ARM.Build.0 = Release|Any CPU
		{383EEB84-9C3E-495A-B455-92065E20E35F}.Release|iPhone.ActiveCfg = Release|Any CPU
		{383EEB84-9C3E-495A-B455-92065E20E35F}.Release|iPhone.Build.0 = Release|Any CPU
		{383EEB84-9C3E-495A-B455-92065E20E35F}.Release|iPhoneSimulator.ActiveCfg = Release|Any CPU
		{383EEB84-9C3E-495A-B455-92065E20E35F}.Release|iPhoneSimulator.Build.0 = Release|Any CPU
		{383EEB84-9C3E-495A-B455-92065E20E35F}.Release|x64.ActiveCfg = Release|Any CPU
		{383EEB84-9C3E-495A-B455-92065E20E35F}.Release|x64.Build.0 = Release|Any CPU
		{383EEB84-9C3E-495A-B455-92065E20E35F}.Release|x86.ActiveCfg = Release|Any CPU
		{383EEB84-9C3E-495A-B455-92065E20E35F}.Release|x86.Build.0 = Release|Any CPU
		{077C1A50-D1E5-4639-9B3B-C483E15B5BFC}.Ad-Hoc|Any CPU.ActiveCfg = Release|Any CPU
		{077C1A50-D1E5-4639-9B3B-C483E15B5BFC}.Ad-Hoc|Any CPU.Build.0 = Release|Any CPU
		{077C1A50-D1E5-4639-9B3B-C483E15B5BFC}.Ad-Hoc|ARM.ActiveCfg = Release|Any CPU
		{077C1A50-D1E5-4639-9B3B-C483E15B5BFC}.Ad-Hoc|ARM.Build.0 = Release|Any CPU
		{077C1A50-D1E5-4639-9B3B-C483E15B5BFC}.Ad-Hoc|iPhone.ActiveCfg = Release|Any CPU
		{077C1A50-D1E5-4639-9B3B-C483E15B5BFC}.Ad-Hoc|iPhone.Build.0 = Release|Any CPU
		{077C1A50-D1E5-4639-9B3B-C483E15B5BFC}.Ad-Hoc|iPhoneSimulator.ActiveCfg = Release|Any CPU
		{077C1A50-D1E5-4639-9B3B-C483E15B5BFC}.Ad-Hoc|iPhoneSimulator.Build.0 = Release|Any CPU
		{077C1A50-D1E5-4639-9B3B-C483E15B5BFC}.Ad-Hoc|x64.ActiveCfg = Release|Any CPU
		{077C1A50-D1E5-4639-9B3B-C483E15B5BFC}.Ad-Hoc|x64.Build.0 = Release|Any CPU
		{077C1A50-D1E5-4639-9B3B-C483E15B5BFC}.Ad-Hoc|x86.ActiveCfg = Release|Any CPU
		{077C1A50-D1E5-4639-9B3B-C483E15B5BFC}.Ad-Hoc|x86.Build.0 = Release|Any CPU
		{077C1A50-D1E5-4639-9B3B-C483E15B5BFC}.AppStore|Any CPU.ActiveCfg = Release|Any CPU
		{077C1A50-D1E5-4639-9B3B-C483E15B5BFC}.AppStore|Any CPU.Build.0 = Release|Any CPU
		{077C1A50-D1E5-4639-9B3B-C483E15B5BFC}.AppStore|ARM.ActiveCfg = Release|Any CPU
		{077C1A50-D1E5-4639-9B3B-C483E15B5BFC}.AppStore|ARM.Build.0 = Release|Any CPU
		{077C1A50-D1E5-4639-9B3B-C483E15B5BFC}.AppStore|iPhone.ActiveCfg = Release|Any CPU
		{077C1A50-D1E5-4639-9B3B-C483E15B5BFC}.AppStore|iPhone.Build.0 = Release|Any CPU
		{077C1A50-D1E5-4639-9B3B-C483E15B5BFC}.AppStore|iPhoneSimulator.ActiveCfg = Release|Any CPU
		{077C1A50-D1E5-4639-9B3B-C483E15B5BFC}.AppStore|iPhoneSimulator.Build.0 = Release|Any CPU
		{077C1A50-D1E5-4639-9B3B-C483E15B5BFC}.AppStore|x64.ActiveCfg = Release|Any CPU
		{077C1A50-D1E5-4639-9B3B-C483E15B5BFC}.AppStore|x64.Build.0 = Release|Any CPU
		{077C1A50-D1E5-4639-9B3B-C483E15B5BFC}.AppStore|x86.ActiveCfg = Release|Any CPU
		{077C1A50-D1E5-4639-9B3B-C483E15B5BFC}.AppStore|x86.Build.0 = Release|Any CPU
		{077C1A50-D1E5-4639-9B3B-C483E15B5BFC}.Debug|Any CPU.ActiveCfg = Debug|Any CPU
		{077C1A50-D1E5-4639-9B3B-C483E15B5BFC}.Debug|Any CPU.Build.0 = Debug|Any CPU
		{077C1A50-D1E5-4639-9B3B-C483E15B5BFC}.Debug|ARM.ActiveCfg = Debug|Any CPU
		{077C1A50-D1E5-4639-9B3B-C483E15B5BFC}.Debug|ARM.Build.0 = Debug|Any CPU
		{077C1A50-D1E5-4639-9B3B-C483E15B5BFC}.Debug|iPhone.ActiveCfg = Debug|Any CPU
		{077C1A50-D1E5-4639-9B3B-C483E15B5BFC}.Debug|iPhone.Build.0 = Debug|Any CPU
		{077C1A50-D1E5-4639-9B3B-C483E15B5BFC}.Debug|iPhoneSimulator.ActiveCfg = Debug|Any CPU
		{077C1A50-D1E5-4639-9B3B-C483E15B5BFC}.Debug|iPhoneSimulator.Build.0 = Debug|Any CPU
		{077C1A50-D1E5-4639-9B3B-C483E15B5BFC}.Debug|x64.ActiveCfg = Debug|Any CPU
		{077C1A50-D1E5-4639-9B3B-C483E15B5BFC}.Debug|x64.Build.0 = Debug|Any CPU
		{077C1A50-D1E5-4639-9B3B-C483E15B5BFC}.Debug|x86.ActiveCfg = Debug|Any CPU
		{077C1A50-D1E5-4639-9B3B-C483E15B5BFC}.Debug|x86.Build.0 = Debug|Any CPU
		{077C1A50-D1E5-4639-9B3B-C483E15B5BFC}.Release|Any CPU.ActiveCfg = Release|Any CPU
		{077C1A50-D1E5-4639-9B3B-C483E15B5BFC}.Release|Any CPU.Build.0 = Release|Any CPU
		{077C1A50-D1E5-4639-9B3B-C483E15B5BFC}.Release|ARM.ActiveCfg = Release|Any CPU
		{077C1A50-D1E5-4639-9B3B-C483E15B5BFC}.Release|ARM.Build.0 = Release|Any CPU
		{077C1A50-D1E5-4639-9B3B-C483E15B5BFC}.Release|iPhone.ActiveCfg = Release|Any CPU
		{077C1A50-D1E5-4639-9B3B-C483E15B5BFC}.Release|iPhone.Build.0 = Release|Any CPU
		{077C1A50-D1E5-4639-9B3B-C483E15B5BFC}.Release|iPhoneSimulator.ActiveCfg = Release|Any CPU
		{077C1A50-D1E5-4639-9B3B-C483E15B5BFC}.Release|iPhoneSimulator.Build.0 = Release|Any CPU
		{077C1A50-D1E5-4639-9B3B-C483E15B5BFC}.Release|x64.ActiveCfg = Release|Any CPU
		{077C1A50-D1E5-4639-9B3B-C483E15B5BFC}.Release|x64.Build.0 = Release|Any CPU
		{077C1A50-D1E5-4639-9B3B-C483E15B5BFC}.Release|x86.ActiveCfg = Release|Any CPU
		{077C1A50-D1E5-4639-9B3B-C483E15B5BFC}.Release|x86.Build.0 = Release|Any CPU
		{30316A1C-0471-46E5-BE26-51932316E1C5}.Ad-Hoc|Any CPU.ActiveCfg = Release|Any CPU
		{30316A1C-0471-46E5-BE26-51932316E1C5}.Ad-Hoc|Any CPU.Build.0 = Release|Any CPU
		{30316A1C-0471-46E5-BE26-51932316E1C5}.Ad-Hoc|Any CPU.Deploy.0 = Release|Any CPU
		{30316A1C-0471-46E5-BE26-51932316E1C5}.Ad-Hoc|ARM.ActiveCfg = Release|Any CPU
		{30316A1C-0471-46E5-BE26-51932316E1C5}.Ad-Hoc|ARM.Build.0 = Release|Any CPU
		{30316A1C-0471-46E5-BE26-51932316E1C5}.Ad-Hoc|ARM.Deploy.0 = Release|Any CPU
		{30316A1C-0471-46E5-BE26-51932316E1C5}.Ad-Hoc|iPhone.ActiveCfg = Release|Any CPU
		{30316A1C-0471-46E5-BE26-51932316E1C5}.Ad-Hoc|iPhone.Build.0 = Release|Any CPU
		{30316A1C-0471-46E5-BE26-51932316E1C5}.Ad-Hoc|iPhone.Deploy.0 = Release|Any CPU
		{30316A1C-0471-46E5-BE26-51932316E1C5}.Ad-Hoc|iPhoneSimulator.ActiveCfg = Release|Any CPU
		{30316A1C-0471-46E5-BE26-51932316E1C5}.Ad-Hoc|iPhoneSimulator.Build.0 = Release|Any CPU
		{30316A1C-0471-46E5-BE26-51932316E1C5}.Ad-Hoc|iPhoneSimulator.Deploy.0 = Release|Any CPU
		{30316A1C-0471-46E5-BE26-51932316E1C5}.Ad-Hoc|x64.ActiveCfg = Release|Any CPU
		{30316A1C-0471-46E5-BE26-51932316E1C5}.Ad-Hoc|x64.Build.0 = Release|Any CPU
		{30316A1C-0471-46E5-BE26-51932316E1C5}.Ad-Hoc|x64.Deploy.0 = Release|Any CPU
		{30316A1C-0471-46E5-BE26-51932316E1C5}.Ad-Hoc|x86.ActiveCfg = Release|Any CPU
		{30316A1C-0471-46E5-BE26-51932316E1C5}.Ad-Hoc|x86.Build.0 = Release|Any CPU
		{30316A1C-0471-46E5-BE26-51932316E1C5}.Ad-Hoc|x86.Deploy.0 = Release|Any CPU
		{30316A1C-0471-46E5-BE26-51932316E1C5}.AppStore|Any CPU.ActiveCfg = Release|Any CPU
		{30316A1C-0471-46E5-BE26-51932316E1C5}.AppStore|Any CPU.Build.0 = Release|Any CPU
		{30316A1C-0471-46E5-BE26-51932316E1C5}.AppStore|Any CPU.Deploy.0 = Release|Any CPU
		{30316A1C-0471-46E5-BE26-51932316E1C5}.AppStore|ARM.ActiveCfg = Release|Any CPU
		{30316A1C-0471-46E5-BE26-51932316E1C5}.AppStore|ARM.Build.0 = Release|Any CPU
		{30316A1C-0471-46E5-BE26-51932316E1C5}.AppStore|ARM.Deploy.0 = Release|Any CPU
		{30316A1C-0471-46E5-BE26-51932316E1C5}.AppStore|iPhone.ActiveCfg = Release|Any CPU
		{30316A1C-0471-46E5-BE26-51932316E1C5}.AppStore|iPhone.Build.0 = Release|Any CPU
		{30316A1C-0471-46E5-BE26-51932316E1C5}.AppStore|iPhone.Deploy.0 = Release|Any CPU
		{30316A1C-0471-46E5-BE26-51932316E1C5}.AppStore|iPhoneSimulator.ActiveCfg = Release|Any CPU
		{30316A1C-0471-46E5-BE26-51932316E1C5}.AppStore|iPhoneSimulator.Build.0 = Release|Any CPU
		{30316A1C-0471-46E5-BE26-51932316E1C5}.AppStore|iPhoneSimulator.Deploy.0 = Release|Any CPU
		{30316A1C-0471-46E5-BE26-51932316E1C5}.AppStore|x64.ActiveCfg = Release|Any CPU
		{30316A1C-0471-46E5-BE26-51932316E1C5}.AppStore|x64.Build.0 = Release|Any CPU
		{30316A1C-0471-46E5-BE26-51932316E1C5}.AppStore|x64.Deploy.0 = Release|Any CPU
		{30316A1C-0471-46E5-BE26-51932316E1C5}.AppStore|x86.ActiveCfg = Release|Any CPU
		{30316A1C-0471-46E5-BE26-51932316E1C5}.AppStore|x86.Build.0 = Release|Any CPU
		{30316A1C-0471-46E5-BE26-51932316E1C5}.AppStore|x86.Deploy.0 = Release|Any CPU
		{30316A1C-0471-46E5-BE26-51932316E1C5}.Debug|Any CPU.ActiveCfg = Debug|Any CPU
		{30316A1C-0471-46E5-BE26-51932316E1C5}.Debug|Any CPU.Build.0 = Debug|Any CPU
		{30316A1C-0471-46E5-BE26-51932316E1C5}.Debug|Any CPU.Deploy.0 = Debug|Any CPU
		{30316A1C-0471-46E5-BE26-51932316E1C5}.Debug|ARM.ActiveCfg = Debug|Any CPU
		{30316A1C-0471-46E5-BE26-51932316E1C5}.Debug|ARM.Build.0 = Debug|Any CPU
		{30316A1C-0471-46E5-BE26-51932316E1C5}.Debug|ARM.Deploy.0 = Debug|Any CPU
		{30316A1C-0471-46E5-BE26-51932316E1C5}.Debug|iPhone.ActiveCfg = Debug|Any CPU
		{30316A1C-0471-46E5-BE26-51932316E1C5}.Debug|iPhone.Build.0 = Debug|Any CPU
		{30316A1C-0471-46E5-BE26-51932316E1C5}.Debug|iPhone.Deploy.0 = Debug|Any CPU
		{30316A1C-0471-46E5-BE26-51932316E1C5}.Debug|iPhoneSimulator.ActiveCfg = Debug|Any CPU
		{30316A1C-0471-46E5-BE26-51932316E1C5}.Debug|iPhoneSimulator.Build.0 = Debug|Any CPU
		{30316A1C-0471-46E5-BE26-51932316E1C5}.Debug|iPhoneSimulator.Deploy.0 = Debug|Any CPU
		{30316A1C-0471-46E5-BE26-51932316E1C5}.Debug|x64.ActiveCfg = Debug|Any CPU
		{30316A1C-0471-46E5-BE26-51932316E1C5}.Debug|x64.Build.0 = Debug|Any CPU
		{30316A1C-0471-46E5-BE26-51932316E1C5}.Debug|x64.Deploy.0 = Debug|Any CPU
		{30316A1C-0471-46E5-BE26-51932316E1C5}.Debug|x86.ActiveCfg = Debug|Any CPU
		{30316A1C-0471-46E5-BE26-51932316E1C5}.Debug|x86.Build.0 = Debug|Any CPU
		{30316A1C-0471-46E5-BE26-51932316E1C5}.Debug|x86.Deploy.0 = Debug|Any CPU
		{30316A1C-0471-46E5-BE26-51932316E1C5}.Release|Any CPU.ActiveCfg = Release|Any CPU
		{30316A1C-0471-46E5-BE26-51932316E1C5}.Release|Any CPU.Build.0 = Release|Any CPU
		{30316A1C-0471-46E5-BE26-51932316E1C5}.Release|Any CPU.Deploy.0 = Release|Any CPU
		{30316A1C-0471-46E5-BE26-51932316E1C5}.Release|ARM.ActiveCfg = Release|Any CPU
		{30316A1C-0471-46E5-BE26-51932316E1C5}.Release|ARM.Build.0 = Release|Any CPU
		{30316A1C-0471-46E5-BE26-51932316E1C5}.Release|ARM.Deploy.0 = Release|Any CPU
		{30316A1C-0471-46E5-BE26-51932316E1C5}.Release|iPhone.ActiveCfg = Release|Any CPU
		{30316A1C-0471-46E5-BE26-51932316E1C5}.Release|iPhone.Build.0 = Release|Any CPU
		{30316A1C-0471-46E5-BE26-51932316E1C5}.Release|iPhone.Deploy.0 = Release|Any CPU
		{30316A1C-0471-46E5-BE26-51932316E1C5}.Release|iPhoneSimulator.ActiveCfg = Release|Any CPU
		{30316A1C-0471-46E5-BE26-51932316E1C5}.Release|iPhoneSimulator.Build.0 = Release|Any CPU
		{30316A1C-0471-46E5-BE26-51932316E1C5}.Release|iPhoneSimulator.Deploy.0 = Release|Any CPU
		{30316A1C-0471-46E5-BE26-51932316E1C5}.Release|x64.ActiveCfg = Release|Any CPU
		{30316A1C-0471-46E5-BE26-51932316E1C5}.Release|x64.Build.0 = Release|Any CPU
		{30316A1C-0471-46E5-BE26-51932316E1C5}.Release|x64.Deploy.0 = Release|Any CPU
		{30316A1C-0471-46E5-BE26-51932316E1C5}.Release|x86.ActiveCfg = Release|Any CPU
		{30316A1C-0471-46E5-BE26-51932316E1C5}.Release|x86.Build.0 = Release|Any CPU
		{30316A1C-0471-46E5-BE26-51932316E1C5}.Release|x86.Deploy.0 = Release|Any CPU
	EndGlobalSection
	GlobalSection(SolutionProperties) = preSolution
		HideSolutionNode = FALSE
	EndGlobalSection
	GlobalSection(ExtensibilityGlobals) = postSolution
		SolutionGuid = {0B575F19-DD25-41D5-9D4A-74A60FEDE7C6}
	EndGlobalSection
EndGlobal
